
Microsoft Visual Studio Solution File, Format Version 12.00
# Visual Studio Version 17
VisualStudioVersion = 17.5.33502.453
MinimumVisualStudioVersion = 10.0.40219.1
Project("{9A19103F-16F7-4668-BE54-9A1E7A4F7556}") = "Zadanie_0", "Zadanie_0\Zadanie_0.csproj", "{4C1CF73A-F81B-4390-947E-53814703CC51}"
EndProject
Project("{FAE04EC0-301F-11D3-BF4B-00C04F79EFBC}") = "Zadanie_0.UnitTests", "Zadanie_0.UnitTests\Zadanie_0.UnitTests.csproj", "{EB735EE2-4A1A-4F84-A3AA-AEA9640F32EC}"
EndProject
Global
	GlobalSection(SolutionConfigurationPlatforms) = preSolution
		Debug|Any CPU = Debug|Any CPU
		Release|Any CPU = Release|Any CPU
	EndGlobalSection
	GlobalSection(ProjectConfigurationPlatforms) = postSolution
		{4C1CF73A-F81B-4390-947E-53814703CC51}.Debug|Any CPU.ActiveCfg = Debug|Any CPU
		{4C1CF73A-F81B-4390-947E-53814703CC51}.Debug|Any CPU.Build.0 = Debug|Any CPU
		{4C1CF73A-F81B-4390-947E-53814703CC51}.Release|Any CPU.ActiveCfg = Release|Any CPU
		{4C1CF73A-F81B-4390-947E-53814703CC51}.Release|Any CPU.Build.0 = Release|Any CPU
		{EB735EE2-4A1A-4F84-A3AA-AEA9640F32EC}.Debug|Any CPU.ActiveCfg = Debug|Any CPU
		{EB735EE2-4A1A-4F84-A3AA-AEA9640F32EC}.Debug|Any CPU.Build.0 = Debug|Any CPU
		{EB735EE2-4A1A-4F84-A3AA-AEA9640F32EC}.Release|Any CPU.ActiveCfg = Release|Any CPU
		{EB735EE2-4A1A-4F84-A3AA-AEA9640F32EC}.Release|Any CPU.Build.0 = Release|Any CPU
	EndGlobalSection
	GlobalSection(SolutionProperties) = preSolution
		HideSolutionNode = FALSE
	EndGlobalSection
	GlobalSection(ExtensibilityGlobals) = postSolution
		SolutionGuid = {36EF08C3-0DCB-4410-A80C-3D9898BD37F4}
	EndGlobalSection
EndGlobal
