
Microsoft Visual Studio Solution File, Format Version 12.00
# Visual Studio Version 17
VisualStudioVersion = 17.2.33402.178
MinimumVisualStudioVersion = 10.0.40219.1
Project("{2150E333-8FDC-42A3-9474-1A3956D46DE8}") = "Presentation", "Presentation", "{67ADCF18-E521-4D6B-98B8-2F832B10986D}"
EndProject
Project("{2150E333-8FDC-42A3-9474-1A3956D46DE8}") = "Data", "Data", "{15375F85-3A02-4059-ADA5-1328D400480C}"
EndProject
Project("{2150E333-8FDC-42A3-9474-1A3956D46DE8}") = "Logic", "Logic", "{04264D67-1BC8-4520-9B9D-971DC7717816}"
EndProject
Project("{FAE04EC0-301F-11D3-BF4B-00C04F79EFBC}") = "View", "View\View.csproj", "{01882DBA-313A-456D-9C5C-6854D7A5446A}"
EndProject
Project("{FAE04EC0-301F-11D3-BF4B-00C04F79EFBC}") = "Model", "Model\Model.csproj", "{5DFFEC37-90A6-49D5-A00B-055F4228E055}"
EndProject
Project("{FAE04EC0-301F-11D3-BF4B-00C04F79EFBC}") = "ViewModel", "ViewModel\ViewModel.csproj", "{F4CCF7B8-F062-4D8A-8B58-7AFC2E278BBD}"
EndProject
Project("{FAE04EC0-301F-11D3-BF4B-00C04F79EFBC}") = "Data", "Data\Data.csproj", "{394EAA77-6727-4E6C-A56C-39A9C3004A62}"
EndProject
Project("{FAE04EC0-301F-11D3-BF4B-00C04F79EFBC}") = "Logic", "Logic\Logic.csproj", "{60176648-58A5-4D18-AC7E-EC050CE32409}"
EndProject
Project("{9A19103F-16F7-4668-BE54-9A1E7A4F7556}") = "DataTest", "DataTest\DataTest.csproj", "{C1EAEAD2-3101-46ED-8CF7-307C6B3AC8D4}"
EndProject
Project("{FAE04EC0-301F-11D3-BF4B-00C04F79EFBC}") = "LogicTest", "LogicTest\LogicTest.csproj", "{FB6232AF-A2CB-480D-8694-DE830EEEBE32}"
EndProject
Global
	GlobalSection(SolutionConfigurationPlatforms) = preSolution
		Debug|Any CPU = Debug|Any CPU
		Release|Any CPU = Release|Any CPU
	EndGlobalSection
	GlobalSection(ProjectConfigurationPlatforms) = postSolution
		{01882DBA-313A-456D-9C5C-6854D7A5446A}.Debug|Any CPU.ActiveCfg = Debug|Any CPU
		{01882DBA-313A-456D-9C5C-6854D7A5446A}.Debug|Any CPU.Build.0 = Debug|Any CPU
		{01882DBA-313A-456D-9C5C-6854D7A5446A}.Release|Any CPU.ActiveCfg = Release|Any CPU
		{01882DBA-313A-456D-9C5C-6854D7A5446A}.Release|Any CPU.Build.0 = Release|Any CPU
		{5DFFEC37-90A6-49D5-A00B-055F4228E055}.Debug|Any CPU.ActiveCfg = Debug|Any CPU
		{5DFFEC37-90A6-49D5-A00B-055F4228E055}.Debug|Any CPU.Build.0 = Debug|Any CPU
		{5DFFEC37-90A6-49D5-A00B-055F4228E055}.Release|Any CPU.ActiveCfg = Release|Any CPU
		{5DFFEC37-90A6-49D5-A00B-055F4228E055}.Release|Any CPU.Build.0 = Release|Any CPU
		{F4CCF7B8-F062-4D8A-8B58-7AFC2E278BBD}.Debug|Any CPU.ActiveCfg = Debug|Any CPU
		{F4CCF7B8-F062-4D8A-8B58-7AFC2E278BBD}.Debug|Any CPU.Build.0 = Debug|Any CPU
		{F4CCF7B8-F062-4D8A-8B58-7AFC2E278BBD}.Release|Any CPU.ActiveCfg = Release|Any CPU
		{F4CCF7B8-F062-4D8A-8B58-7AFC2E278BBD}.Release|Any CPU.Build.0 = Release|Any CPU
		{394EAA77-6727-4E6C-A56C-39A9C3004A62}.Debug|Any CPU.ActiveCfg = Debug|Any CPU
		{394EAA77-6727-4E6C-A56C-39A9C3004A62}.Debug|Any CPU.Build.0 = Debug|Any CPU
		{394EAA77-6727-4E6C-A56C-39A9C3004A62}.Release|Any CPU.ActiveCfg = Release|Any CPU
		{394EAA77-6727-4E6C-A56C-39A9C3004A62}.Release|Any CPU.Build.0 = Release|Any CPU
		{60176648-58A5-4D18-AC7E-EC050CE32409}.Debug|Any CPU.ActiveCfg = Debug|Any CPU
		{60176648-58A5-4D18-AC7E-EC050CE32409}.Debug|Any CPU.Build.0 = Debug|Any CPU
		{60176648-58A5-4D18-AC7E-EC050CE32409}.Release|Any CPU.ActiveCfg = Release|Any CPU
		{60176648-58A5-4D18-AC7E-EC050CE32409}.Release|Any CPU.Build.0 = Release|Any CPU
		{C1EAEAD2-3101-46ED-8CF7-307C6B3AC8D4}.Debug|Any CPU.ActiveCfg = Debug|Any CPU
		{C1EAEAD2-3101-46ED-8CF7-307C6B3AC8D4}.Debug|Any CPU.Build.0 = Debug|Any CPU
		{C1EAEAD2-3101-46ED-8CF7-307C6B3AC8D4}.Release|Any CPU.ActiveCfg = Release|Any CPU
		{C1EAEAD2-3101-46ED-8CF7-307C6B3AC8D4}.Release|Any CPU.Build.0 = Release|Any CPU
		{FB6232AF-A2CB-480D-8694-DE830EEEBE32}.Debug|Any CPU.ActiveCfg = Debug|Any CPU
		{FB6232AF-A2CB-480D-8694-DE830EEEBE32}.Debug|Any CPU.Build.0 = Debug|Any CPU
		{FB6232AF-A2CB-480D-8694-DE830EEEBE32}.Release|Any CPU.ActiveCfg = Release|Any CPU
		{FB6232AF-A2CB-480D-8694-DE830EEEBE32}.Release|Any CPU.Build.0 = Release|Any CPU
	EndGlobalSection
	GlobalSection(SolutionProperties) = preSolution
		HideSolutionNode = FALSE
	EndGlobalSection
	GlobalSection(NestedProjects) = preSolution
		{01882DBA-313A-456D-9C5C-6854D7A5446A} = {67ADCF18-E521-4D6B-98B8-2F832B10986D}
		{5DFFEC37-90A6-49D5-A00B-055F4228E055} = {67ADCF18-E521-4D6B-98B8-2F832B10986D}
		{F4CCF7B8-F062-4D8A-8B58-7AFC2E278BBD} = {67ADCF18-E521-4D6B-98B8-2F832B10986D}
		{394EAA77-6727-4E6C-A56C-39A9C3004A62} = {15375F85-3A02-4059-ADA5-1328D400480C}
		{60176648-58A5-4D18-AC7E-EC050CE32409} = {04264D67-1BC8-4520-9B9D-971DC7717816}
		{C1EAEAD2-3101-46ED-8CF7-307C6B3AC8D4} = {15375F85-3A02-4059-ADA5-1328D400480C}
		{FB6232AF-A2CB-480D-8694-DE830EEEBE32} = {04264D67-1BC8-4520-9B9D-971DC7717816}
	EndGlobalSection
	GlobalSection(ExtensibilityGlobals) = postSolution
		SolutionGuid = {D571B070-C394-459C-A8AB-71CFF29E2F18}
	EndGlobalSection
EndGlobal
